
Microsoft Visual Studio Solution File, Format Version 12.00
# Visual Studio Express 2013 for Web
VisualStudioVersion = 12.0.31101.0
MinimumVisualStudioVersion = 10.0.40219.1
Project("{FAE04EC0-301F-11D3-BF4B-00C04F79EFBC}") = "ExceptionHandling.Web", "ExceptionHandling\ExceptionHandling.Web.csproj", "{3AAA9E7A-9436-4E7D-82C3-4BD0DD420CF2}"
EndProject
Project("{FAE04EC0-301F-11D3-BF4B-00C04F79EFBC}") = "ExceptionHandling.Domain", "ExceptionHandling.Domain\ExceptionHandling.Domain.csproj", "{C71047D7-2D52-429E-8FDF-FB89140B93B4}"
EndProject
Global
	GlobalSection(SolutionConfigurationPlatforms) = preSolution
		Debug|Any CPU = Debug|Any CPU
		Release|Any CPU = Release|Any CPU
	EndGlobalSection
	GlobalSection(ProjectConfigurationPlatforms) = postSolution
		{3AAA9E7A-9436-4E7D-82C3-4BD0DD420CF2}.Debug|Any CPU.ActiveCfg = Debug|Any CPU
		{3AAA9E7A-9436-4E7D-82C3-4BD0DD420CF2}.Debug|Any CPU.Build.0 = Debug|Any CPU
		{3AAA9E7A-9436-4E7D-82C3-4BD0DD420CF2}.Release|Any CPU.ActiveCfg = Release|Any CPU
		{3AAA9E7A-9436-4E7D-82C3-4BD0DD420CF2}.Release|Any CPU.Build.0 = Release|Any CPU
		{C71047D7-2D52-429E-8FDF-FB89140B93B4}.Debug|Any CPU.ActiveCfg = Debug|Any CPU
		{C71047D7-2D52-429E-8FDF-FB89140B93B4}.Debug|Any CPU.Build.0 = Debug|Any CPU
		{C71047D7-2D52-429E-8FDF-FB89140B93B4}.Release|Any CPU.ActiveCfg = Release|Any CPU
		{C71047D7-2D52-429E-8FDF-FB89140B93B4}.Release|Any CPU.Build.0 = Release|Any CPU
	EndGlobalSection
	GlobalSection(SolutionProperties) = preSolution
		HideSolutionNode = FALSE
	EndGlobalSection
EndGlobal
